PODS:
  - 1PasswordExtension (1.8.5)
  - AEXML (4.2.2)
  - Alamofire (4.6.0)
  - AlamofireImage (3.3.0):
    - Alamofire (~> 4.5)
  - AlamofireNetworkActivityIndicator (2.2.0):
    - Alamofire (~> 4.5)
  - AlamofireXMLRPC (2.2.0):
    - AEXML
    - Alamofire
  - FloatRatingView (3.0.1)
  - GCDWebServer (3.3.3):
    - GCDWebServer/Core (= 3.3.3)
  - GCDWebServer/Core (3.3.3)
  - google-cast-sdk (3.4.0):
    - google-cast-sdk/Core (= 3.4.0)
  - google-cast-sdk/Core (3.4.0)
  - Locksmith (4.0.0)
  - MarqueeLabel/Swift (3.1.4)
  - MBCircularProgressBar (0.3.5)
  - MobileVLCKit-unstable (3.0.0a44)
  - ObjectMapper (3.1.0)
  - OBSlider (1.1.1)
  - PopcornTorrent (1.2.2):
    - GCDWebServer (~> 3.3.3)
  - Reachability (3.2)
  - SwiftyJSON (4.0.0)
  - SwiftyTimer (2.0.0)
  - TvOSMoreButton (1.1.1)
  - TVVLCKit-unstable (3.0.0a44)
  - XCDYouTubeKit (2.5.6)

DEPENDENCIES:
  - 1PasswordExtension (~> 1.8.4)
  - Alamofire (~> 4.6.0)
  - AlamofireImage (~> 3.3.0)
  - AlamofireNetworkActivityIndicator (~> 2.2.0)
  - AlamofireXMLRPC (~> 2.2.0)
  - FloatRatingView (~> 3.0.1)
  - google-cast-sdk (~> 3.4.0)
  - Locksmith (~> 4.0.0)
  - MarqueeLabel/Swift (~> 3.1.0)
  - MBCircularProgressBar (~> 0.3.5-1)
  - MobileVLCKit-unstable (= 3.0.0a44)
  - ObjectMapper (~> 3.1.0)
  - OBSlider (~> 1.1.1)
  - PopcornTorrent (~> 1.2.0)
  - Reachability (from `https://github.com/tonymillion/Reachability`)
  - SwiftyJSON (~> 4.0.0)
  - SwiftyTimer (~> 2.0.0)
  - TvOSMoreButton (~> 1.1.0)
  - TVVLCKit-unstable (= 3.0.0a44)
  - XCDYouTubeKit (~> 2.5.5)

EXTERNAL SOURCES:
  Reachability:
    :git: https://github.com/tonymillion/Reachability

CHECKOUT OPTIONS:
  Reachability:
    :commit: 184d6d44f0f21b6428d833d265f5d0cfa1ed88d8
    :git: https://github.com/tonymillion/Reachability

SPEC CHECKSUMS:
  1PasswordExtension: 0e95bdea64ec8ff2f4f693be5467a09fac42a83d
  AEXML: 5ebafc1b75e0bcf0f1b09b8ca8fed2d5a199479b
  Alamofire: f41a599bd63041760b26d393ec1069d9d7b917f4
  AlamofireImage: 2e784dc5d00f04903a52c1d169181469c805c3df
  AlamofireNetworkActivityIndicator: 81e1630e7cfed22a4e4e82a174c59e651dc4f8ca
  AlamofireXMLRPC: c43e200a5956d345481a81f28abf843798f348ed
  FloatRatingView: 5b31eb72798ca3531df5243959f7cfe03d0b7ac9
  GCDWebServer: 1c39a1f0763e4eb492bee021e4270fce097d3555
  google-cast-sdk: 35da95f568b50d72628014f3320e2f3240bf2a7a
  Locksmith: e9bebbaaa4cee3c511bc358a44f843c3fe00e21f
  MarqueeLabel: bf768455fe88d427f71476ebb23f9092b660f40b
  MBCircularProgressBar: 29e6df5e8683ff2375a291792a5988a16dd78c8e
  MobileVLCKit-unstable: b6269766db34b00ae6ed68ff729e1d9fcf91a412
  ObjectMapper: 20505058f54e5c3ca69e1d6de9897d152a5369a6
  OBSlider: 38853ebbb9cc6978a9b7ddc0d4f525588e8bb294
  PopcornTorrent: d34cc828edc4b50889c48b4b3e3b6bdbb24b65b9
  Reachability: a439150119232b740e0b708aed6760a5965b858d
  SwiftyJSON: 070dabdcb1beb81b247c65ffa3a79dbbfb3b48aa
  SwiftyTimer: 2efd74b060d69ad4f1496baf5bbedbe132125fcf
  TvOSMoreButton: 57d29cc4734847893072c305b8758fb875d07b96
  TVVLCKit-unstable: 79c0183503f362bac3b4ce49b0c62e14f5e59ef8
  XCDYouTubeKit: dccfe0c17dd5c5187969ec27e93069573badb08f

PODFILE CHECKSUM: e821c6fed4a58d73d6ce3a1df454220acab3a539

COCOAPODS: 1.4.0
