PODS:
  - 1PasswordExtension (1.8.5)
  - AEXML (4.3.0)
  - Alamofire (4.7.2)
  - AlamofireImage (3.3.1):
    - Alamofire (~> 4.5)
  - AlamofireNetworkActivityIndicator (2.2.0):
    - Alamofire (~> 4.5)
  - AlamofireXMLRPC (2.2.0):
    - AEXML
    - Alamofire
  - FloatRatingView (3.0.1)
  - GCDWebServer (3.3.3):
    - GCDWebServer/Core (= 3.3.3)
  - GCDWebServer/Core (3.3.3)
  - google-cast-sdk (3.4.0):
    - google-cast-sdk/Core (= 3.4.0)
  - google-cast-sdk/Core (3.4.0)
  - Locksmith (4.0.0)
  - MarqueeLabel/Swift (3.1.6)
  - MBCircularProgressBar (0.3.5)
  - MobileVLCKit (3.1.1)
  - ObjectMapper (3.3.0)
  - OBSlider (1.1.1)
  - PopcornTorrent (1.3.7):
    - GCDWebServer (~> 3.3.3)
  - Reachability (3.2)
  - SwiftyJSON (4.1.0)
  - SwiftyTimer (2.0.0)
  - TvOSMoreButton (1.1.2)
  - TVVLCKit (3.1.1)
  - XCDYouTubeKit (2.5.6)

DEPENDENCIES:
  - 1PasswordExtension (~> 1.8.4)
  - Alamofire (~> 4.7.0)
  - AlamofireImage (~> 3.3.0)
  - AlamofireNetworkActivityIndicator (~> 2.2.0)
  - AlamofireXMLRPC (~> 2.2.0)
  - FloatRatingView (~> 3.0.1)
  - google-cast-sdk (~> 3.4.0)
  - Locksmith (~> 4.0.0)
  - MarqueeLabel/Swift (~> 3.1.0)
  - MBCircularProgressBar (~> 0.3.5-1)
  - MobileVLCKit (~> 3.1.1)
  - ObjectMapper (~> 3.3.0)
  - OBSlider (~> 1.1.1)
  - PopcornTorrent (~> 1.3.0)
  - Reachability (from `https://github.com/tonymillion/Reachability`)
  - SwiftyJSON (~> 4.1.0)
  - SwiftyTimer (~> 2.0.0)
  - TvOSMoreButton (~> 1.1.0)
  - TVVLCKit (~> 3.1.1)
  - XCDYouTubeKit (~> 2.5.5)

EXTERNAL SOURCES:
  Reachability:
    :git: https://github.com/tonymillion/Reachability

CHECKOUT OPTIONS:
  Reachability:
    :commit: 184d6d44f0f21b6428d833d265f5d0cfa1ed88d8
    :git: https://github.com/tonymillion/Reachability

SPEC CHECKSUMS:
  1PasswordExtension: 0e95bdea64ec8ff2f4f693be5467a09fac42a83d
  AEXML: bae92c01e0da64132fd72f748721cda07466032b
  Alamofire: e4fa87002c137ba2d8d634d2c51fabcda0d5c223
  AlamofireImage: 3b35b586853abaf94ca1250f4e94cff3c21a4c0d
  AlamofireNetworkActivityIndicator: 81e1630e7cfed22a4e4e82a174c59e651dc4f8ca
  AlamofireXMLRPC: c43e200a5956d345481a81f28abf843798f348ed
  FloatRatingView: 5b31eb72798ca3531df5243959f7cfe03d0b7ac9
  GCDWebServer: 1c39a1f0763e4eb492bee021e4270fce097d3555
  google-cast-sdk: 35da95f568b50d72628014f3320e2f3240bf2a7a
  Locksmith: e9bebbaaa4cee3c511bc358a44f843c3fe00e21f
  MarqueeLabel: 0c41f08ef5773e29c0f71064a8fa788a2fd8b365
  MBCircularProgressBar: 29e6df5e8683ff2375a291792a5988a16dd78c8e
  MobileVLCKit: 7465b6bea6b338d20af8e79f278b70839af8399c
  ObjectMapper: b612bf8c8e99c4dc0bb6013a51f7c27966ed5da9
  OBSlider: 38853ebbb9cc6978a9b7ddc0d4f525588e8bb294
  PopcornTorrent: 294d6f7d814dd296b3b8548d713ec0b434e9102f
  Reachability: a439150119232b740e0b708aed6760a5965b858d
  SwiftyJSON: c29297daf073d2aa016295d5809cdd68045c39b3
  SwiftyTimer: 2efd74b060d69ad4f1496baf5bbedbe132125fcf
  TvOSMoreButton: b2b3e822c8a46315974ab4ed236d40fd50c8269b
  TVVLCKit: d7fc9f8871400d0739b53953b1d9db301cf096a8
  XCDYouTubeKit: dccfe0c17dd5c5187969ec27e93069573badb08f

PODFILE CHECKSUM: 291c01e1b4a53ece95ba3c7eb9ebc5219c7e9c1c

COCOAPODS: 1.4.0
