// !$*UTF8*$!
{
	archiveVersion = 1;
	classes = {
	};
	objectVersion = 46;
	objects = {

/* Begin PBXBuildFile section */
		098B2026095198FE56AF33E0 /* Pods_PopcornTime.framework in Frameworks */ = {isa = PBXBuildFile; fileRef = D7DC191EE356BC3B5A5E8F16 /* Pods_PopcornTime.framework */; };
		28EB626C1CA3364300985F78 /* String+Cleaned.swift in Sources */ = {isa = PBXBuildFile; fileRef = 28EB626B1CA3364300985F78 /* String+Cleaned.swift */; };
		4D0183A91DC3ACB500AB75B3 /* Locale+Langs.swift in Sources */ = {isa = PBXBuildFile; fileRef = 4D0183A81DC3ACB400AB75B3 /* Locale+Langs.swift */; };
		4D2543AE1DACFBFE00149533 /* TVServices.framework in Frameworks */ = {isa = PBXBuildFile; fileRef = 002682111CD0B76200F51D31 /* TVServices.framework */; };
		4D2543B11DACFBFE00149533 /* ServiceProvider.swift in Sources */ = {isa = PBXBuildFile; fileRef = 4D2543B01DACFBFE00149533 /* ServiceProvider.swift */; };
		4D2543B51DACFBFE00149533 /* TopShelf.appex in Embed App Extensions */ = {isa = PBXBuildFile; fileRef = 4D2543AD1DACFBFE00149533 /* TopShelf.appex */; settings = {ATTRIBUTES = (RemoveHeadersOnCopy, ); }; };
		4D2543B91DACFCF700149533 /* String+Cleaned.swift in Sources */ = {isa = PBXBuildFile; fileRef = 28EB626B1CA3364300985F78 /* String+Cleaned.swift */; };
		4D69B75F1DC550F500A88A37 /* Watchlist.swift in Sources */ = {isa = PBXBuildFile; fileRef = 4D69B75E1DC550F500A88A37 /* Watchlist.swift */; };
		4D990E201DC4EFA2005CDE34 /* PCTPlayerViewController+tvOS.swift in Sources */ = {isa = PBXBuildFile; fileRef = 4D990E1A1DC4EFA2005CDE34 /* PCTPlayerViewController+tvOS.swift */; };
		4D990E211DC4EFA2005CDE34 /* UIViewController+TVJS.swift in Sources */ = {isa = PBXBuildFile; fileRef = 4D990E1B1DC4EFA2005CDE34 /* UIViewController+TVJS.swift */; };
		4D990E221DC4EFA2005CDE34 /* Movie+Lockup.swift in Sources */ = {isa = PBXBuildFile; fileRef = 4D990E1C1DC4EFA2005CDE34 /* Movie+Lockup.swift */; };
		4D990E231DC4EFA2005CDE34 /* Media+Extension.swift in Sources */ = {isa = PBXBuildFile; fileRef = 4D990E1D1DC4EFA2005CDE34 /* Media+Extension.swift */; };
		4D990E241DC4EFA2005CDE34 /* Show+Lockup.swift in Sources */ = {isa = PBXBuildFile; fileRef = 4D990E1E1DC4EFA2005CDE34 /* Show+Lockup.swift */; };
		4D990E2D1DC4F00F005CDE34 /* SubtitleSettings.swift in Sources */ = {isa = PBXBuildFile; fileRef = 4D990E271DC4F00F005CDE34 /* SubtitleSettings.swift */; };
		4D990E2E1DC4F00F005CDE34 /* button-season.png in Resources */ = {isa = PBXBuildFile; fileRef = 4D990E291DC4F00F005CDE34 /* button-season.png */; };
		4D990E2F1DC4F00F005CDE34 /* Pagination.js in Resources */ = {isa = PBXBuildFile; fileRef = 4D990E2A1DC4F00F005CDE34 /* Pagination.js */; };
		4D990E301DC4F00F005CDE34 /* EncodingTypes.plist in Resources */ = {isa = PBXBuildFile; fileRef = 4D990E2B1DC4F00F005CDE34 /* EncodingTypes.plist */; };
		4D990E311DC4F00F005CDE34 /* Loading.xml in Resources */ = {isa = PBXBuildFile; fileRef = 4D990E2C1DC4F00F005CDE34 /* Loading.xml */; };
		4D990E331DC4F028005CDE34 /* Images.xcassets in Resources */ = {isa = PBXBuildFile; fileRef = 4D990E321DC4F028005CDE34 /* Images.xcassets */; };
		4D990E391DC4F069005CDE34 /* Main.storyboard in Resources */ = {isa = PBXBuildFile; fileRef = 4D990E351DC4F069005CDE34 /* Main.storyboard */; };
		4D990E3A1DC4F069005CDE34 /* PCTPlayerViewController.swift in Sources */ = {isa = PBXBuildFile; fileRef = 4D990E361DC4F069005CDE34 /* PCTPlayerViewController.swift */; };
		4D990E3C1DC4F069005CDE34 /* LoadingViewController.swift in Sources */ = {isa = PBXBuildFile; fileRef = 4D990E381DC4F069005CDE34 /* LoadingViewController.swift */; };
		4D990E401DC4F09C005CDE34 /* SettingsViewController.swift in Sources */ = {isa = PBXBuildFile; fileRef = 4D990E3F1DC4F09C005CDE34 /* SettingsViewController.swift */; };
		4D990E421DC4F0BD005CDE34 /* OptionsViewControllerPresentationDelegate.swift in Sources */ = {isa = PBXBuildFile; fileRef = 4D990E411DC4F0BD005CDE34 /* OptionsViewControllerPresentationDelegate.swift */; };
		4D990E461DC4F0F1005CDE34 /* ActionHandler.swift in Sources */ = {isa = PBXBuildFile; fileRef = 4D990E441DC4F0F1005CDE34 /* ActionHandler.swift */; };
		4D990E471DC4F0F1005CDE34 /* AppDelegate.swift in Sources */ = {isa = PBXBuildFile; fileRef = 4D990E451DC4F0F1005CDE34 /* AppDelegate.swift */; };
		4D990E4C1DC4F102005CDE34 /* OptionsViewController.swift in Sources */ = {isa = PBXBuildFile; fileRef = 4D990E481DC4F102005CDE34 /* OptionsViewController.swift */; };
		4D990E4D1DC4F102005CDE34 /* SubtitlesViewController.swift in Sources */ = {isa = PBXBuildFile; fileRef = 4D990E491DC4F102005CDE34 /* SubtitlesViewController.swift */; };
		4D990E4E1DC4F102005CDE34 /* AudioViewController.swift in Sources */ = {isa = PBXBuildFile; fileRef = 4D990E4A1DC4F102005CDE34 /* AudioViewController.swift */; };
		4D990E4F1DC4F102005CDE34 /* InfoViewController.swift in Sources */ = {isa = PBXBuildFile; fileRef = 4D990E4B1DC4F102005CDE34 /* InfoViewController.swift */; };
		4D990E5F1DC4F137005CDE34 /* SeasonProductRecipe.swift in Sources */ = {isa = PBXBuildFile; fileRef = 4D990E581DC4F137005CDE34 /* SeasonProductRecipe.swift */; };
		4D990E601DC4F137005CDE34 /* SeasonProductRecipe.js in Resources */ = {isa = PBXBuildFile; fileRef = 4D990E591DC4F137005CDE34 /* SeasonProductRecipe.js */; };
		4D990E611DC4F137005CDE34 /* MovieProductRecipe.js in Resources */ = {isa = PBXBuildFile; fileRef = 4D990E5A1DC4F137005CDE34 /* MovieProductRecipe.js */; };
		4D990E621DC4F137005CDE34 /* MovieProductRecipe.swift in Sources */ = {isa = PBXBuildFile; fileRef = 4D990E5B1DC4F137005CDE34 /* MovieProductRecipe.swift */; };
		4D990E631DC4F138005CDE34 /* SeasonProductRecipe.xml in Resources */ = {isa = PBXBuildFile; fileRef = 4D990E5C1DC4F137005CDE34 /* SeasonProductRecipe.xml */; };
		4D990E641DC4F138005CDE34 /* SeasonPickerRecipe.swift in Sources */ = {isa = PBXBuildFile; fileRef = 4D990E5D1DC4F137005CDE34 /* SeasonPickerRecipe.swift */; };
		4D990E651DC4F138005CDE34 /* SeasonPickerRecipe.xml in Resources */ = {isa = PBXBuildFile; fileRef = 4D990E5E1DC4F137005CDE34 /* SeasonPickerRecipe.xml */; };
		4D990E671DC4F1A3005CDE34 /* MovieProductRecipe.xml in Resources */ = {isa = PBXBuildFile; fileRef = 4D990E661DC4F1A3005CDE34 /* MovieProductRecipe.xml */; };
		4D990E7E1DC4F1BC005CDE34 /* Popular.swift in Sources */ = {isa = PBXBuildFile; fileRef = 4D990E6D1DC4F1BC005CDE34 /* Popular.swift */; };
		4D990E801DC4F1BC005CDE34 /* Trending.swift in Sources */ = {isa = PBXBuildFile; fileRef = 4D990E6F1DC4F1BC005CDE34 /* Trending.swift */; };
		4D990E811DC4F1BC005CDE34 /* Genre.swift in Sources */ = {isa = PBXBuildFile; fileRef = 4D990E701DC4F1BC005CDE34 /* Genre.swift */; };
		4D990E821DC4F1BC005CDE34 /* Latest.swift in Sources */ = {isa = PBXBuildFile; fileRef = 4D990E711DC4F1BC005CDE34 /* Latest.swift */; };
		4D990E831DC4F1BC005CDE34 /* Search.swift in Sources */ = {isa = PBXBuildFile; fileRef = 4D990E721DC4F1BC005CDE34 /* Search.swift */; };
		4D990E911DC4F2CD005CDE34 /* DescriptionRecipe.swift in Sources */ = {isa = PBXBuildFile; fileRef = 4D990E8F1DC4F2CD005CDE34 /* DescriptionRecipe.swift */; };
		4D990E921DC4F2CD005CDE34 /* DescriptionRecipe.xml in Resources */ = {isa = PBXBuildFile; fileRef = 4D990E901DC4F2CD005CDE34 /* DescriptionRecipe.xml */; };
		4D990E961DC4F2DA005CDE34 /* GenreRecipe.xml in Resources */ = {isa = PBXBuildFile; fileRef = 4D990E931DC4F2DA005CDE34 /* GenreRecipe.xml */; };
		4D990E971DC4F2DA005CDE34 /* Genre.js in Resources */ = {isa = PBXBuildFile; fileRef = 4D990E941DC4F2DA005CDE34 /* Genre.js */; };
		4D990E981DC4F2DA005CDE34 /* GenreRecipe.swift in Sources */ = {isa = PBXBuildFile; fileRef = 4D990E951DC4F2DA005CDE34 /* GenreRecipe.swift */; };
		4D990E9F1DC4F2F5005CDE34 /* WatchlistRecipe.xml in Resources */ = {isa = PBXBuildFile; fileRef = 4D990E9A1DC4F2F5005CDE34 /* WatchlistRecipe.xml */; };
		4D990EA01DC4F2F5005CDE34 /* WatchlistRecipe.swift in Sources */ = {isa = PBXBuildFile; fileRef = 4D990E9B1DC4F2F5005CDE34 /* WatchlistRecipe.swift */; };
		4D990EA61DC4F303005CDE34 /* CatalogRecipe.xml in Resources */ = {isa = PBXBuildFile; fileRef = 4D990EA41DC4F303005CDE34 /* CatalogRecipe.xml */; };
		4D990EA71DC4F303005CDE34 /* CatalogRecipe.swift in Sources */ = {isa = PBXBuildFile; fileRef = 4D990EA51DC4F303005CDE34 /* CatalogRecipe.swift */; };
		4D990EAA1DC4F311005CDE34 /* WelcomeRecipe.xml in Resources */ = {isa = PBXBuildFile; fileRef = 4D990EA81DC4F311005CDE34 /* WelcomeRecipe.xml */; };
		4D990EAB1DC4F311005CDE34 /* WelcomeRecipe.swift in Sources */ = {isa = PBXBuildFile; fileRef = 4D990EA91DC4F311005CDE34 /* WelcomeRecipe.swift */; };
		4D990EAE1DC4F31D005CDE34 /* SearchRecipe.swift in Sources */ = {isa = PBXBuildFile; fileRef = 4D990EAC1DC4F31D005CDE34 /* SearchRecipe.swift */; };
		4D990EAF1DC4F31D005CDE34 /* SearchRecipe.xml in Resources */ = {isa = PBXBuildFile; fileRef = 4D990EAD1DC4F31D005CDE34 /* SearchRecipe.xml */; };
		4DCCBA5B1DC50D780046C755 /* UIColor+Extension.swift in Sources */ = {isa = PBXBuildFile; fileRef = 4DCCBA5A1DC50D780046C755 /* UIColor+Extension.swift */; };
		92CF4A0A1CE6692900D666A8 /* libz.tbd in Frameworks */ = {isa = PBXBuildFile; fileRef = 92CF4A091CE6692900D666A8 /* libz.tbd */; };
		9D791981BEDEC8982B768977 /* Pods_TopShelf.framework in Frameworks */ = {isa = PBXBuildFile; fileRef = B747D9446AC930A21B6E6E3D /* Pods_TopShelf.framework */; };
		D9C3D2211D4196340054BD9A /* VLCBufferingBar.m in Sources */ = {isa = PBXBuildFile; fileRef = D9C3D2181D4196340054BD9A /* VLCBufferingBar.m */; };
		D9C3D2251D4196340054BD9A /* VLCTransportBar.m in Sources */ = {isa = PBXBuildFile; fileRef = D9C3D2201D4196340054BD9A /* VLCTransportBar.m */; };
/* End PBXBuildFile section */

/* Begin PBXContainerItemProxy section */
		4D2543B31DACFBFE00149533 /* PBXContainerItemProxy */ = {
			isa = PBXContainerItemProxy;
			containerPortal = 287B852C1C9873A200EEF5C8 /* Project object */;
			proxyType = 1;
			remoteGlobalIDString = 4D2543AC1DACFBFE00149533;
			remoteInfo = TopShelf;
		};
/* End PBXContainerItemProxy section */

/* Begin PBXCopyFilesBuildPhase section */
		0026821D1CD0B76300F51D31 /* Embed App Extensions */ = {
			isa = PBXCopyFilesBuildPhase;
			buildActionMask = 2147483647;
			dstPath = "";
			dstSubfolderSpec = 13;
			files = (
				4D2543B51DACFBFE00149533 /* TopShelf.appex in Embed App Extensions */,
			);
			name = "Embed App Extensions";
			runOnlyForDeploymentPostprocessing = 0;
		};
		92CF49871CE668A100D666A8 /* Embed Frameworks */ = {
			isa = PBXCopyFilesBuildPhase;
			buildActionMask = 2147483647;
			dstPath = "";
			dstSubfolderSpec = 10;
			files = (
			);
			name = "Embed Frameworks";
			runOnlyForDeploymentPostprocessing = 0;
		};
/* End PBXCopyFilesBuildPhase section */

/* Begin PBXFileReference section */
		002682111CD0B76200F51D31 /* TVServices.framework */ = {isa = PBXFileReference; lastKnownFileType = wrapper.framework; name = TVServices.framework; path = System/Library/Frameworks/TVServices.framework; sourceTree = SDKROOT; };
		249A54E2A9C7529A3CC82622 /* Pods-TopShelf.release.xcconfig */ = {isa = PBXFileReference; includeInIndex = 1; lastKnownFileType = text.xcconfig; name = "Pods-TopShelf.release.xcconfig"; path = "Pods/Target Support Files/Pods-TopShelf/Pods-TopShelf.release.xcconfig"; sourceTree = "<group>"; };
		287B85341C9873A200EEF5C8 /* PopcornTime.app */ = {isa = PBXFileReference; explicitFileType = wrapper.application; includeInIndex = 0; path = PopcornTime.app; sourceTree = BUILT_PRODUCTS_DIR; };
		287B85401C9873A200EEF5C8 /* Info.plist */ = {isa = PBXFileReference; lastKnownFileType = text.plist.xml; path = Info.plist; sourceTree = "<group>"; };
		28EB626B1CA3364300985F78 /* String+Cleaned.swift */ = {isa = PBXFileReference; fileEncoding = 4; lastKnownFileType = sourcecode.swift; name = "String+Cleaned.swift"; path = "Extensions/String+Cleaned.swift"; sourceTree = "<group>"; };
		3E2A1684A64499B8ED0B31B3 /* Pods-TopShelf.debug.xcconfig */ = {isa = PBXFileReference; includeInIndex = 1; lastKnownFileType = text.xcconfig; name = "Pods-TopShelf.debug.xcconfig"; path = "Pods/Target Support Files/Pods-TopShelf/Pods-TopShelf.debug.xcconfig"; sourceTree = "<group>"; };
		4D0183A81DC3ACB400AB75B3 /* Locale+Langs.swift */ = {isa = PBXFileReference; fileEncoding = 4; lastKnownFileType = sourcecode.swift; name = "Locale+Langs.swift"; path = "Extensions/Locale+Langs.swift"; sourceTree = "<group>"; };
		4D2543AD1DACFBFE00149533 /* TopShelf.appex */ = {isa = PBXFileReference; explicitFileType = "wrapper.app-extension"; includeInIndex = 0; path = TopShelf.appex; sourceTree = BUILT_PRODUCTS_DIR; };
		4D2543B01DACFBFE00149533 /* ServiceProvider.swift */ = {isa = PBXFileReference; lastKnownFileType = sourcecode.swift; path = ServiceProvider.swift; sourceTree = "<group>"; };
		4D2543B21DACFBFE00149533 /* Info.plist */ = {isa = PBXFileReference; lastKnownFileType = text.plist.xml; path = Info.plist; sourceTree = "<group>"; };
		4D69B75E1DC550F500A88A37 /* Watchlist.swift */ = {isa = PBXFileReference; fileEncoding = 4; lastKnownFileType = sourcecode.swift; name = Watchlist.swift; path = UI/Recipes/Tabs/Watchlist.swift; sourceTree = "<group>"; };
		4D990E1A1DC4EFA2005CDE34 /* PCTPlayerViewController+tvOS.swift */ = {isa = PBXFileReference; fileEncoding = 4; lastKnownFileType = sourcecode.swift; name = "PCTPlayerViewController+tvOS.swift"; path = "Extensions/PCTPlayerViewController+tvOS.swift"; sourceTree = "<group>"; };
		4D990E1B1DC4EFA2005CDE34 /* UIViewController+TVJS.swift */ = {isa = PBXFileReference; fileEncoding = 4; lastKnownFileType = sourcecode.swift; name = "UIViewController+TVJS.swift"; path = "Extensions/UIViewController+TVJS.swift"; sourceTree = "<group>"; };
		4D990E1C1DC4EFA2005CDE34 /* Movie+Lockup.swift */ = {isa = PBXFileReference; fileEncoding = 4; lastKnownFileType = sourcecode.swift; name = "Movie+Lockup.swift"; path = "Extensions/Movie+Lockup.swift"; sourceTree = "<group>"; };
		4D990E1D1DC4EFA2005CDE34 /* Media+Extension.swift */ = {isa = PBXFileReference; fileEncoding = 4; lastKnownFileType = sourcecode.swift; name = "Media+Extension.swift"; path = "Extensions/Media+Extension.swift"; sourceTree = "<group>"; };
		4D990E1E1DC4EFA2005CDE34 /* Show+Lockup.swift */ = {isa = PBXFileReference; fileEncoding = 4; lastKnownFileType = sourcecode.swift; name = "Show+Lockup.swift"; path = "Extensions/Show+Lockup.swift"; sourceTree = "<group>"; };
		4D990E271DC4F00F005CDE34 /* SubtitleSettings.swift */ = {isa = PBXFileReference; fileEncoding = 4; lastKnownFileType = sourcecode.swift; name = SubtitleSettings.swift; path = Resources/SubtitleSettings.swift; sourceTree = "<group>"; };
		4D990E281DC4F00F005CDE34 /* PopcornTime-Bridging-Header.h */ = {isa = PBXFileReference; fileEncoding = 4; lastKnownFileType = sourcecode.c.h; name = "PopcornTime-Bridging-Header.h"; path = "Resources/PopcornTime-Bridging-Header.h"; sourceTree = "<group>"; };
		4D990E291DC4F00F005CDE34 /* button-season.png */ = {isa = PBXFileReference; lastKnownFileType = image.png; name = "button-season.png"; path = "Resources/button-season.png"; sourceTree = "<group>"; };
		4D990E2A1DC4F00F005CDE34 /* Pagination.js */ = {isa = PBXFileReference; fileEncoding = 4; lastKnownFileType = sourcecode.javascript; name = Pagination.js; path = Resources/Pagination.js; sourceTree = "<group>"; };
		4D990E2B1DC4F00F005CDE34 /* EncodingTypes.plist */ = {isa = PBXFileReference; fileEncoding = 4; lastKnownFileType = text.plist.xml; name = EncodingTypes.plist; path = Resources/EncodingTypes.plist; sourceTree = "<group>"; };
		4D990E2C1DC4F00F005CDE34 /* Loading.xml */ = {isa = PBXFileReference; fileEncoding = 4; lastKnownFileType = text.xml; name = Loading.xml; path = Resources/Loading.xml; sourceTree = "<group>"; };
		4D990E321DC4F028005CDE34 /* Images.xcassets */ = {isa = PBXFileReference; lastKnownFileType = folder.assetcatalog; path = Images.xcassets; sourceTree = "<group>"; };
		4D990E351DC4F069005CDE34 /* Main.storyboard */ = {isa = PBXFileReference; fileEncoding = 4; lastKnownFileType = file.storyboard; name = Main.storyboard; path = UI/Main.storyboard; sourceTree = "<group>"; };
		4D990E361DC4F069005CDE34 /* PCTPlayerViewController.swift */ = {isa = PBXFileReference; fileEncoding = 4; lastKnownFileType = sourcecode.swift; name = PCTPlayerViewController.swift; path = UI/PCTPlayerViewController.swift; sourceTree = "<group>"; };
		4D990E381DC4F069005CDE34 /* LoadingViewController.swift */ = {isa = PBXFileReference; fileEncoding = 4; lastKnownFileType = sourcecode.swift; name = LoadingViewController.swift; path = UI/LoadingViewController.swift; sourceTree = "<group>"; };
		4D990E3F1DC4F09C005CDE34 /* SettingsViewController.swift */ = {isa = PBXFileReference; fileEncoding = 4; lastKnownFileType = sourcecode.swift; name = SettingsViewController.swift; path = UI/SettingsViewController.swift; sourceTree = "<group>"; };
		4D990E411DC4F0BD005CDE34 /* OptionsViewControllerPresentationDelegate.swift */ = {isa = PBXFileReference; fileEncoding = 4; lastKnownFileType = sourcecode.swift; name = OptionsViewControllerPresentationDelegate.swift; path = Resources/OptionsViewControllerPresentationDelegate.swift; sourceTree = "<group>"; };
		4D990E441DC4F0F1005CDE34 /* ActionHandler.swift */ = {isa = PBXFileReference; fileEncoding = 4; lastKnownFileType = sourcecode.swift; name = ActionHandler.swift; path = Startup/ActionHandler.swift; sourceTree = "<group>"; };
		4D990E451DC4F0F1005CDE34 /* AppDelegate.swift */ = {isa = PBXFileReference; fileEncoding = 4; lastKnownFileType = sourcecode.swift; name = AppDelegate.swift; path = Startup/AppDelegate.swift; sourceTree = "<group>"; };
		4D990E481DC4F102005CDE34 /* OptionsViewController.swift */ = {isa = PBXFileReference; fileEncoding = 4; lastKnownFileType = sourcecode.swift; name = OptionsViewController.swift; path = "UI/Option View Controllers/OptionsViewController.swift"; sourceTree = "<group>"; };
		4D990E491DC4F102005CDE34 /* SubtitlesViewController.swift */ = {isa = PBXFileReference; fileEncoding = 4; lastKnownFileType = sourcecode.swift; name = SubtitlesViewController.swift; path = "UI/Option View Controllers/SubtitlesViewController.swift"; sourceTree = "<group>"; };
		4D990E4A1DC4F102005CDE34 /* AudioViewController.swift */ = {isa = PBXFileReference; fileEncoding = 4; lastKnownFileType = sourcecode.swift; name = AudioViewController.swift; path = "UI/Option View Controllers/AudioViewController.swift"; sourceTree = "<group>"; };
		4D990E4B1DC4F102005CDE34 /* InfoViewController.swift */ = {isa = PBXFileReference; fileEncoding = 4; lastKnownFileType = sourcecode.swift; name = InfoViewController.swift; path = "UI/Option View Controllers/InfoViewController.swift"; sourceTree = "<group>"; };
		4D990E581DC4F137005CDE34 /* SeasonProductRecipe.swift */ = {isa = PBXFileReference; fileEncoding = 4; lastKnownFileType = sourcecode.swift; name = SeasonProductRecipe.swift; path = UI/Recipes/Products/SeasonProductRecipe.swift; sourceTree = "<group>"; };
		4D990E591DC4F137005CDE34 /* SeasonProductRecipe.js */ = {isa = PBXFileReference; fileEncoding = 4; lastKnownFileType = sourcecode.javascript; name = SeasonProductRecipe.js; path = UI/Recipes/Products/SeasonProductRecipe.js; sourceTree = "<group>"; };
		4D990E5A1DC4F137005CDE34 /* MovieProductRecipe.js */ = {isa = PBXFileReference; fileEncoding = 4; lastKnownFileType = sourcecode.javascript; name = MovieProductRecipe.js; path = UI/Recipes/Products/MovieProductRecipe.js; sourceTree = "<group>"; };
		4D990E5B1DC4F137005CDE34 /* MovieProductRecipe.swift */ = {isa = PBXFileReference; fileEncoding = 4; lastKnownFileType = sourcecode.swift; name = MovieProductRecipe.swift; path = UI/Recipes/Products/MovieProductRecipe.swift; sourceTree = "<group>"; };
		4D990E5C1DC4F137005CDE34 /* SeasonProductRecipe.xml */ = {isa = PBXFileReference; fileEncoding = 4; lastKnownFileType = text.xml; name = SeasonProductRecipe.xml; path = UI/Recipes/Products/SeasonProductRecipe.xml; sourceTree = "<group>"; };
		4D990E5D1DC4F137005CDE34 /* SeasonPickerRecipe.swift */ = {isa = PBXFileReference; fileEncoding = 4; lastKnownFileType = sourcecode.swift; name = SeasonPickerRecipe.swift; path = UI/Recipes/Products/SeasonPickerRecipe.swift; sourceTree = "<group>"; };
		4D990E5E1DC4F137005CDE34 /* SeasonPickerRecipe.xml */ = {isa = PBXFileReference; fileEncoding = 4; lastKnownFileType = text.xml; name = SeasonPickerRecipe.xml; path = UI/Recipes/Products/SeasonPickerRecipe.xml; sourceTree = "<group>"; };
		4D990E661DC4F1A3005CDE34 /* MovieProductRecipe.xml */ = {isa = PBXFileReference; fileEncoding = 4; lastKnownFileType = text.xml; name = MovieProductRecipe.xml; path = UI/Recipes/Products/MovieProductRecipe.xml; sourceTree = "<group>"; };
		4D990E6D1DC4F1BC005CDE34 /* Popular.swift */ = {isa = PBXFileReference; fileEncoding = 4; lastKnownFileType = sourcecode.swift; name = Popular.swift; path = UI/Recipes/Tabs/Popular.swift; sourceTree = "<group>"; };
		4D990E6F1DC4F1BC005CDE34 /* Trending.swift */ = {isa = PBXFileReference; fileEncoding = 4; lastKnownFileType = sourcecode.swift; name = Trending.swift; path = UI/Recipes/Tabs/Trending.swift; sourceTree = "<group>"; };
		4D990E701DC4F1BC005CDE34 /* Genre.swift */ = {isa = PBXFileReference; fileEncoding = 4; lastKnownFileType = sourcecode.swift; name = Genre.swift; path = UI/Recipes/Tabs/Genre.swift; sourceTree = "<group>"; };
		4D990E711DC4F1BC005CDE34 /* Latest.swift */ = {isa = PBXFileReference; fileEncoding = 4; lastKnownFileType = sourcecode.swift; name = Latest.swift; path = UI/Recipes/Tabs/Latest.swift; sourceTree = "<group>"; };
		4D990E721DC4F1BC005CDE34 /* Search.swift */ = {isa = PBXFileReference; fileEncoding = 4; lastKnownFileType = sourcecode.swift; name = Search.swift; path = UI/Recipes/Tabs/Search.swift; sourceTree = "<group>"; };
		4D990E8F1DC4F2CD005CDE34 /* DescriptionRecipe.swift */ = {isa = PBXFileReference; fileEncoding = 4; lastKnownFileType = sourcecode.swift; name = DescriptionRecipe.swift; path = UI/Recipes/Description/DescriptionRecipe.swift; sourceTree = "<group>"; };
		4D990E901DC4F2CD005CDE34 /* DescriptionRecipe.xml */ = {isa = PBXFileReference; fileEncoding = 4; lastKnownFileType = text.xml; name = DescriptionRecipe.xml; path = UI/Recipes/Description/DescriptionRecipe.xml; sourceTree = "<group>"; };
		4D990E931DC4F2DA005CDE34 /* GenreRecipe.xml */ = {isa = PBXFileReference; fileEncoding = 4; lastKnownFileType = text.xml; name = GenreRecipe.xml; path = UI/Recipes/Genre/GenreRecipe.xml; sourceTree = "<group>"; };
		4D990E941DC4F2DA005CDE34 /* Genre.js */ = {isa = PBXFileReference; fileEncoding = 4; lastKnownFileType = sourcecode.javascript; name = Genre.js; path = UI/Recipes/Genre/Genre.js; sourceTree = "<group>"; };
		4D990E951DC4F2DA005CDE34 /* GenreRecipe.swift */ = {isa = PBXFileReference; fileEncoding = 4; lastKnownFileType = sourcecode.swift; name = GenreRecipe.swift; path = UI/Recipes/Genre/GenreRecipe.swift; sourceTree = "<group>"; };
		4D990E9A1DC4F2F5005CDE34 /* WatchlistRecipe.xml */ = {isa = PBXFileReference; fileEncoding = 4; lastKnownFileType = text.xml; name = WatchlistRecipe.xml; path = UI/Recipes/Watchlist/WatchlistRecipe.xml; sourceTree = "<group>"; };
		4D990E9B1DC4F2F5005CDE34 /* WatchlistRecipe.swift */ = {isa = PBXFileReference; fileEncoding = 4; lastKnownFileType = sourcecode.swift; name = WatchlistRecipe.swift; path = UI/Recipes/Watchlist/WatchlistRecipe.swift; sourceTree = "<group>"; };
		4D990EA41DC4F303005CDE34 /* CatalogRecipe.xml */ = {isa = PBXFileReference; fileEncoding = 4; lastKnownFileType = text.xml; name = CatalogRecipe.xml; path = UI/Recipes/Catalog/CatalogRecipe.xml; sourceTree = "<group>"; };
		4D990EA51DC4F303005CDE34 /* CatalogRecipe.swift */ = {isa = PBXFileReference; fileEncoding = 4; lastKnownFileType = sourcecode.swift; name = CatalogRecipe.swift; path = UI/Recipes/Catalog/CatalogRecipe.swift; sourceTree = "<group>"; };
		4D990EA81DC4F311005CDE34 /* WelcomeRecipe.xml */ = {isa = PBXFileReference; fileEncoding = 4; lastKnownFileType = text.xml; name = WelcomeRecipe.xml; path = UI/Recipes/Welcome/WelcomeRecipe.xml; sourceTree = "<group>"; };
		4D990EA91DC4F311005CDE34 /* WelcomeRecipe.swift */ = {isa = PBXFileReference; fileEncoding = 4; lastKnownFileType = sourcecode.swift; name = WelcomeRecipe.swift; path = UI/Recipes/Welcome/WelcomeRecipe.swift; sourceTree = "<group>"; };
		4D990EAC1DC4F31D005CDE34 /* SearchRecipe.swift */ = {isa = PBXFileReference; fileEncoding = 4; lastKnownFileType = sourcecode.swift; name = SearchRecipe.swift; path = UI/Recipes/Search/SearchRecipe.swift; sourceTree = "<group>"; };
		4D990EAD1DC4F31D005CDE34 /* SearchRecipe.xml */ = {isa = PBXFileReference; fileEncoding = 4; lastKnownFileType = text.xml; name = SearchRecipe.xml; path = UI/Recipes/Search/SearchRecipe.xml; sourceTree = "<group>"; };
		4DC870B51D9EDE58005455B0 /* PopcornTime.entitlements */ = {isa = PBXFileReference; lastKnownFileType = text.plist.entitlements; path = PopcornTime.entitlements; sourceTree = "<group>"; };
		4DCCBA5A1DC50D780046C755 /* UIColor+Extension.swift */ = {isa = PBXFileReference; fileEncoding = 4; lastKnownFileType = sourcecode.swift; name = "UIColor+Extension.swift"; path = "Extensions/UIColor+Extension.swift"; sourceTree = "<group>"; };
		59BE8A67A9D4954F63D16C0E /* Pods-PopcornTime.debug.xcconfig */ = {isa = PBXFileReference; includeInIndex = 1; lastKnownFileType = text.xcconfig; name = "Pods-PopcornTime.debug.xcconfig"; path = "Pods/Target Support Files/Pods-PopcornTime/Pods-PopcornTime.debug.xcconfig"; sourceTree = "<group>"; };
		796C61914EF57FAF09B30DFE /* Pods-PopcornTime.release.xcconfig */ = {isa = PBXFileReference; includeInIndex = 1; lastKnownFileType = text.xcconfig; name = "Pods-PopcornTime.release.xcconfig"; path = "Pods/Target Support Files/Pods-PopcornTime/Pods-PopcornTime.release.xcconfig"; sourceTree = "<group>"; };
		92CF4A091CE6692900D666A8 /* libz.tbd */ = {isa = PBXFileReference; lastKnownFileType = "sourcecode.text-based-dylib-definition"; name = libz.tbd; path = usr/lib/libz.tbd; sourceTree = SDKROOT; };
		B747D9446AC930A21B6E6E3D /* Pods_TopShelf.framework */ = {isa = PBXFileReference; explicitFileType = wrapper.framework; includeInIndex = 0; path = Pods_TopShelf.framework; sourceTree = BUILT_PRODUCTS_DIR; };
		D7DC191EE356BC3B5A5E8F16 /* Pods_PopcornTime.framework */ = {isa = PBXFileReference; explicitFileType = wrapper.framework; includeInIndex = 0; path = Pods_PopcornTime.framework; sourceTree = BUILT_PRODUCTS_DIR; };
		D9C3D2171D4196340054BD9A /* VLCBufferingBar.h */ = {isa = PBXFileReference; fileEncoding = 4; lastKnownFileType = sourcecode.c.h; path = VLCBufferingBar.h; sourceTree = "<group>"; };
		D9C3D2181D4196340054BD9A /* VLCBufferingBar.m */ = {isa = PBXFileReference; fileEncoding = 4; lastKnownFileType = sourcecode.c.objc; path = VLCBufferingBar.m; sourceTree = "<group>"; };
		D9C3D21F1D4196340054BD9A /* VLCTransportBar.h */ = {isa = PBXFileReference; fileEncoding = 4; lastKnownFileType = sourcecode.c.h; path = VLCTransportBar.h; sourceTree = "<group>"; };
		D9C3D2201D4196340054BD9A /* VLCTransportBar.m */ = {isa = PBXFileReference; fileEncoding = 4; lastKnownFileType = sourcecode.c.objc; path = VLCTransportBar.m; sourceTree = "<group>"; };
		DD53E3861D01F5E400147716 /* libiconv.tbd */ = {isa = PBXFileReference; lastKnownFileType = "sourcecode.text-based-dylib-definition"; name = libiconv.tbd; path = usr/lib/libiconv.tbd; sourceTree = SDKROOT; };
/* End PBXFileReference section */

/* Begin PBXFrameworksBuildPhase section */
		287B85311C9873A200EEF5C8 /* Frameworks */ = {
			isa = PBXFrameworksBuildPhase;
			buildActionMask = 2147483647;
			files = (
				92CF4A0A1CE6692900D666A8 /* libz.tbd in Frameworks */,
				098B2026095198FE56AF33E0 /* Pods_PopcornTime.framework in Frameworks */,
			);
			runOnlyForDeploymentPostprocessing = 0;
		};
		4D2543AA1DACFBFE00149533 /* Frameworks */ = {
			isa = PBXFrameworksBuildPhase;
			buildActionMask = 2147483647;
			files = (
				4D2543AE1DACFBFE00149533 /* TVServices.framework in Frameworks */,
				9D791981BEDEC8982B768977 /* Pods_TopShelf.framework in Frameworks */,
			);
			runOnlyForDeploymentPostprocessing = 0;
		};
/* End PBXFrameworksBuildPhase section */

/* Begin PBXGroup section */
		287B852B1C9873A200EEF5C8 = {
			isa = PBXGroup;
			children = (
				287B85361C9873A200EEF5C8 /* PopcornTime */,
				4D2543AF1DACFBFE00149533 /* TopShelf */,
				287B85351C9873A200EEF5C8 /* Products */,
				F1EDDAB5F2E1772C41C22B7A /* Frameworks */,
				EEE12C7C1689183C4338F937 /* Pods */,
			);
			sourceTree = "<group>";
		};
		287B85351C9873A200EEF5C8 /* Products */ = {
			isa = PBXGroup;
			children = (
				287B85341C9873A200EEF5C8 /* PopcornTime.app */,
				4D2543AD1DACFBFE00149533 /* TopShelf.appex */,
			);
			name = Products;
			sourceTree = "<group>";
		};
		287B85361C9873A200EEF5C8 /* PopcornTime */ = {
			isa = PBXGroup;
			children = (
				4D990E431DC4F0E6005CDE34 /* Startup */,
				4D990E341DC4F05B005CDE34 /* UI */,
				28EB626A1CA3362B00985F78 /* Extensions */,
				9211E3EB1CDC0A8C00BEEB9D /* VLC */,
				4D990E261DC4EFF2005CDE34 /* Resources */,
				287B85491C988AD600EEF5C8 /* Supporting FIles */,
			);
			path = PopcornTime;
			sourceTree = "<group>";
		};
		287B85491C988AD600EEF5C8 /* Supporting FIles */ = {
			isa = PBXGroup;
			children = (
				4DC870B51D9EDE58005455B0 /* PopcornTime.entitlements */,
				287B85401C9873A200EEF5C8 /* Info.plist */,
			);
			name = "Supporting FIles";
			sourceTree = "<group>";
		};
		28EB626A1CA3362B00985F78 /* Extensions */ = {
			isa = PBXGroup;
			children = (
				4D990E1A1DC4EFA2005CDE34 /* PCTPlayerViewController+tvOS.swift */,
				4D990E1B1DC4EFA2005CDE34 /* UIViewController+TVJS.swift */,
				4D990E1C1DC4EFA2005CDE34 /* Movie+Lockup.swift */,
				4D990E1D1DC4EFA2005CDE34 /* Media+Extension.swift */,
				4D990E1E1DC4EFA2005CDE34 /* Show+Lockup.swift */,
				28EB626B1CA3364300985F78 /* String+Cleaned.swift */,
				4D0183A81DC3ACB400AB75B3 /* Locale+Langs.swift */,
				4DCCBA5A1DC50D780046C755 /* UIColor+Extension.swift */,
			);
			name = Extensions;
			sourceTree = "<group>";
		};
		4D2543AF1DACFBFE00149533 /* TopShelf */ = {
			isa = PBXGroup;
			children = (
				4D2543B01DACFBFE00149533 /* ServiceProvider.swift */,
				4D2543B21DACFBFE00149533 /* Info.plist */,
			);
			path = TopShelf;
			sourceTree = "<group>";
		};
		4D990E261DC4EFF2005CDE34 /* Resources */ = {
			isa = PBXGroup;
			children = (
				4D990E321DC4F028005CDE34 /* Images.xcassets */,
				4D990E271DC4F00F005CDE34 /* SubtitleSettings.swift */,
				4D990E411DC4F0BD005CDE34 /* OptionsViewControllerPresentationDelegate.swift */,
				4D990E291DC4F00F005CDE34 /* button-season.png */,
				4D990E2A1DC4F00F005CDE34 /* Pagination.js */,
				4D990E2B1DC4F00F005CDE34 /* EncodingTypes.plist */,
				4D990E2C1DC4F00F005CDE34 /* Loading.xml */,
				4D990E281DC4F00F005CDE34 /* PopcornTime-Bridging-Header.h */,
			);
			name = Resources;
			sourceTree = "<group>";
		};
		4D990E341DC4F05B005CDE34 /* UI */ = {
			isa = PBXGroup;
			children = (
				4D990E351DC4F069005CDE34 /* Main.storyboard */,
				4D990E361DC4F069005CDE34 /* PCTPlayerViewController.swift */,
				4D990E381DC4F069005CDE34 /* LoadingViewController.swift */,
				4D990E3F1DC4F09C005CDE34 /* SettingsViewController.swift */,
				4D990E501DC4F10D005CDE34 /* Recipes */,
				4D990E3E1DC4F092005CDE34 /* Option View Controllers */,
			);
			name = UI;
			sourceTree = "<group>";
		};
		4D990E3E1DC4F092005CDE34 /* Option View Controllers */ = {
			isa = PBXGroup;
			children = (
				4D990E481DC4F102005CDE34 /* OptionsViewController.swift */,
				4D990E491DC4F102005CDE34 /* SubtitlesViewController.swift */,
				4D990E4A1DC4F102005CDE34 /* AudioViewController.swift */,
				4D990E4B1DC4F102005CDE34 /* InfoViewController.swift */,
			);
			name = "Option View Controllers";
			sourceTree = "<group>";
		};
		4D990E431DC4F0E6005CDE34 /* Startup */ = {
			isa = PBXGroup;
			children = (
				4D990E441DC4F0F1005CDE34 /* ActionHandler.swift */,
				4D990E451DC4F0F1005CDE34 /* AppDelegate.swift */,
			);
			name = Startup;
			sourceTree = "<group>";
		};
		4D990E501DC4F10D005CDE34 /* Recipes */ = {
			isa = PBXGroup;
			children = (
				4D990EA31DC4F2FA005CDE34 /* Catalog */,
				4D990E8E1DC4F2BE005CDE34 /* Description */,
				4D990E8D1DC4F265005CDE34 /* Genre */,
				4D990E8C1DC4F21B005CDE34 /* Watchlist */,
				4D990E8B1DC4F215005CDE34 /* Welcome */,
				4D990E8A1DC4F20F005CDE34 /* Search */,
				4D990E561DC4F123005CDE34 /* Tabs */,
				4D990E571DC4F128005CDE34 /* Products */,
			);
			name = Recipes;
			sourceTree = "<group>";
		};
		4D990E561DC4F123005CDE34 /* Tabs */ = {
			isa = PBXGroup;
			children = (
				4D69B75E1DC550F500A88A37 /* Watchlist.swift */,
				4D990E6D1DC4F1BC005CDE34 /* Popular.swift */,
				4D990E6F1DC4F1BC005CDE34 /* Trending.swift */,
				4D990E711DC4F1BC005CDE34 /* Latest.swift */,
				4D990E721DC4F1BC005CDE34 /* Search.swift */,
				4D990E701DC4F1BC005CDE34 /* Genre.swift */,
			);
			name = Tabs;
			sourceTree = "<group>";
		};
		4D990E571DC4F128005CDE34 /* Products */ = {
			isa = PBXGroup;
			children = (
				4D990E581DC4F137005CDE34 /* SeasonProductRecipe.swift */,
				4D990E591DC4F137005CDE34 /* SeasonProductRecipe.js */,
				4D990E5C1DC4F137005CDE34 /* SeasonProductRecipe.xml */,
				4D990E5B1DC4F137005CDE34 /* MovieProductRecipe.swift */,
				4D990E5A1DC4F137005CDE34 /* MovieProductRecipe.js */,
				4D990E661DC4F1A3005CDE34 /* MovieProductRecipe.xml */,
				4D990E5D1DC4F137005CDE34 /* SeasonPickerRecipe.swift */,
				4D990E5E1DC4F137005CDE34 /* SeasonPickerRecipe.xml */,
			);
			name = Products;
			sourceTree = "<group>";
		};
		4D990E8A1DC4F20F005CDE34 /* Search */ = {
			isa = PBXGroup;
			children = (
				4D990EAC1DC4F31D005CDE34 /* SearchRecipe.swift */,
				4D990EAD1DC4F31D005CDE34 /* SearchRecipe.xml */,
			);
			name = Search;
			sourceTree = "<group>";
		};
		4D990E8B1DC4F215005CDE34 /* Welcome */ = {
			isa = PBXGroup;
			children = (
				4D990EA81DC4F311005CDE34 /* WelcomeRecipe.xml */,
				4D990EA91DC4F311005CDE34 /* WelcomeRecipe.swift */,
			);
			name = Welcome;
			sourceTree = "<group>";
		};
		4D990E8C1DC4F21B005CDE34 /* Watchlist */ = {
			isa = PBXGroup;
			children = (
				4D990E9A1DC4F2F5005CDE34 /* WatchlistRecipe.xml */,
				4D990E9B1DC4F2F5005CDE34 /* WatchlistRecipe.swift */,
			);
			name = Watchlist;
			sourceTree = "<group>";
		};
		4D990E8D1DC4F265005CDE34 /* Genre */ = {
			isa = PBXGroup;
			children = (
				4D990E951DC4F2DA005CDE34 /* GenreRecipe.swift */,
				4D990E941DC4F2DA005CDE34 /* Genre.js */,
				4D990E931DC4F2DA005CDE34 /* GenreRecipe.xml */,
			);
			name = Genre;
			sourceTree = "<group>";
		};
		4D990E8E1DC4F2BE005CDE34 /* Description */ = {
			isa = PBXGroup;
			children = (
				4D990E8F1DC4F2CD005CDE34 /* DescriptionRecipe.swift */,
				4D990E901DC4F2CD005CDE34 /* DescriptionRecipe.xml */,
			);
			name = Description;
			sourceTree = "<group>";
		};
		4D990EA31DC4F2FA005CDE34 /* Catalog */ = {
			isa = PBXGroup;
			children = (
				4D990EA41DC4F303005CDE34 /* CatalogRecipe.xml */,
				4D990EA51DC4F303005CDE34 /* CatalogRecipe.swift */,
			);
			name = Catalog;
			sourceTree = "<group>";
		};
		9211E3EB1CDC0A8C00BEEB9D /* VLC */ = {
			isa = PBXGroup;
			children = (
				D9C3D2171D4196340054BD9A /* VLCBufferingBar.h */,
				D9C3D2181D4196340054BD9A /* VLCBufferingBar.m */,
				D9C3D21F1D4196340054BD9A /* VLCTransportBar.h */,
				D9C3D2201D4196340054BD9A /* VLCTransportBar.m */,
			);
			path = VLC;
			sourceTree = "<group>";
		};
		EEE12C7C1689183C4338F937 /* Pods */ = {
			isa = PBXGroup;
			children = (
				59BE8A67A9D4954F63D16C0E /* Pods-PopcornTime.debug.xcconfig */,
				796C61914EF57FAF09B30DFE /* Pods-PopcornTime.release.xcconfig */,
				3E2A1684A64499B8ED0B31B3 /* Pods-TopShelf.debug.xcconfig */,
				249A54E2A9C7529A3CC82622 /* Pods-TopShelf.release.xcconfig */,
			);
			name = Pods;
			sourceTree = "<group>";
		};
		F1EDDAB5F2E1772C41C22B7A /* Frameworks */ = {
			isa = PBXGroup;
			children = (
				DD53E3861D01F5E400147716 /* libiconv.tbd */,
				92CF4A091CE6692900D666A8 /* libz.tbd */,
				002682111CD0B76200F51D31 /* TVServices.framework */,
				D7DC191EE356BC3B5A5E8F16 /* Pods_PopcornTime.framework */,
				B747D9446AC930A21B6E6E3D /* Pods_TopShelf.framework */,
			);
			name = Frameworks;
			sourceTree = "<group>";
		};
/* End PBXGroup section */

/* Begin PBXNativeTarget section */
		287B85331C9873A200EEF5C8 /* PopcornTime */ = {
			isa = PBXNativeTarget;
			buildConfigurationList = 287B85431C9873A200EEF5C8 /* Build configuration list for PBXNativeTarget "PopcornTime" */;
			buildPhases = (
				C7CA1C1E09B24733AAA8DA16 /* [CP] Check Pods Manifest.lock */,
				287B85301C9873A200EEF5C8 /* Sources */,
				287B85311C9873A200EEF5C8 /* Frameworks */,
				287B85321C9873A200EEF5C8 /* Resources */,
				0026821D1CD0B76300F51D31 /* Embed App Extensions */,
				92CF49871CE668A100D666A8 /* Embed Frameworks */,
				B113A76872C8F98DEF264039 /* [CP] Embed Pods Frameworks */,
				DDD65985D085B39F00A9C08E /* [CP] Copy Pods Resources */,
			);
			buildRules = (
			);
			dependencies = (
				4D2543B41DACFBFE00149533 /* PBXTargetDependency */,
			);
			name = PopcornTime;
			productName = PopcornTime;
			productReference = 287B85341C9873A200EEF5C8 /* PopcornTime.app */;
			productType = "com.apple.product-type.application";
		};
		4D2543AC1DACFBFE00149533 /* TopShelf */ = {
			isa = PBXNativeTarget;
			buildConfigurationList = 4D2543B61DACFBFE00149533 /* Build configuration list for PBXNativeTarget "TopShelf" */;
			buildPhases = (
				07F85432C3730DAB932C9385 /* [CP] Check Pods Manifest.lock */,
				4D2543A91DACFBFE00149533 /* Sources */,
				4D2543AA1DACFBFE00149533 /* Frameworks */,
				4D2543AB1DACFBFE00149533 /* Resources */,
				717DA540B4BA027F6C60314A /* [CP] Copy Pods Resources */,
			);
			buildRules = (
			);
			dependencies = (
			);
			name = TopShelf;
			productName = TopShelf;
			productReference = 4D2543AD1DACFBFE00149533 /* TopShelf.appex */;
			productType = "com.apple.product-type.tv-app-extension";
		};
/* End PBXNativeTarget section */

/* Begin PBXProject section */
		287B852C1C9873A200EEF5C8 /* Project object */ = {
			isa = PBXProject;
			attributes = {
				LastSwiftUpdateCheck = 0800;
				LastUpgradeCheck = 0810;
				ORGANIZATIONNAME = PopcornTime;
				TargetAttributes = {
					287B85331C9873A200EEF5C8 = {
						CreatedOnToolsVersion = 7.2;
						DevelopmentTeam = BQBJ6NTPEG;
						LastSwiftMigration = 0800;
						SystemCapabilities = {
							com.apple.Keychain = {
								enabled = 1;
							};
						};
					};
					4D2543AC1DACFBFE00149533 = {
						CreatedOnToolsVersion = 8.0;
						ProvisioningStyle = Automatic;
					};
				};
			};
			buildConfigurationList = 287B852F1C9873A200EEF5C8 /* Build configuration list for PBXProject "PopcornTime" */;
			compatibilityVersion = "Xcode 3.2";
			developmentRegion = English;
			hasScannedForEncodings = 0;
			knownRegions = (
				en,
				Base,
			);
			mainGroup = 287B852B1C9873A200EEF5C8;
			productRefGroup = 287B85351C9873A200EEF5C8 /* Products */;
			projectDirPath = "";
			projectRoot = "";
			targets = (
				287B85331C9873A200EEF5C8 /* PopcornTime */,
				4D2543AC1DACFBFE00149533 /* TopShelf */,
			);
		};
/* End PBXProject section */

/* Begin PBXResourcesBuildPhase section */
		287B85321C9873A200EEF5C8 /* Resources */ = {
			isa = PBXResourcesBuildPhase;
			buildActionMask = 2147483647;
			files = (
				4D990E631DC4F138005CDE34 /* SeasonProductRecipe.xml in Resources */,
				4D990EAF1DC4F31D005CDE34 /* SearchRecipe.xml in Resources */,
				4D990E601DC4F137005CDE34 /* SeasonProductRecipe.js in Resources */,
				4D990E961DC4F2DA005CDE34 /* GenreRecipe.xml in Resources */,
				4D990E2F1DC4F00F005CDE34 /* Pagination.js in Resources */,
				4D990E301DC4F00F005CDE34 /* EncodingTypes.plist in Resources */,
				4D990E331DC4F028005CDE34 /* Images.xcassets in Resources */,
				4D990E971DC4F2DA005CDE34 /* Genre.js in Resources */,
				4D990E651DC4F138005CDE34 /* SeasonPickerRecipe.xml in Resources */,
				4D990E671DC4F1A3005CDE34 /* MovieProductRecipe.xml in Resources */,
				4D990E611DC4F137005CDE34 /* MovieProductRecipe.js in Resources */,
				4D990EA61DC4F303005CDE34 /* CatalogRecipe.xml in Resources */,
				4D990EAA1DC4F311005CDE34 /* WelcomeRecipe.xml in Resources */,
				4D990E921DC4F2CD005CDE34 /* DescriptionRecipe.xml in Resources */,
				4D990E9F1DC4F2F5005CDE34 /* WatchlistRecipe.xml in Resources */,
				4D990E311DC4F00F005CDE34 /* Loading.xml in Resources */,
				4D990E391DC4F069005CDE34 /* Main.storyboard in Resources */,
				4D990E2E1DC4F00F005CDE34 /* button-season.png in Resources */,
			);
			runOnlyForDeploymentPostprocessing = 0;
		};
		4D2543AB1DACFBFE00149533 /* Resources */ = {
			isa = PBXResourcesBuildPhase;
			buildActionMask = 2147483647;
			files = (
			);
			runOnlyForDeploymentPostprocessing = 0;
		};
/* End PBXResourcesBuildPhase section */

/* Begin PBXShellScriptBuildPhase section */
		07F85432C3730DAB932C9385 /* [CP] Check Pods Manifest.lock */ = {
			isa = PBXShellScriptBuildPhase;
			buildActionMask = 2147483647;
			files = (
			);
			inputPaths = (
			);
			name = "[CP] Check Pods Manifest.lock";
			outputPaths = (
			);
			runOnlyForDeploymentPostprocessing = 0;
			shellPath = /bin/sh;
			shellScript = "diff \"${PODS_ROOT}/../Podfile.lock\" \"${PODS_ROOT}/Manifest.lock\" > /dev/null\nif [ $? != 0 ] ; then\n    # print error to STDERR\n    echo \"error: The sandbox is not in sync with the Podfile.lock. Run 'pod install' or update your CocoaPods installation.\" >&2\n    exit 1\nfi\n";
			showEnvVarsInLog = 0;
		};
		717DA540B4BA027F6C60314A /* [CP] Copy Pods Resources */ = {
			isa = PBXShellScriptBuildPhase;
			buildActionMask = 2147483647;
			files = (
			);
			inputPaths = (
			);
			name = "[CP] Copy Pods Resources";
			outputPaths = (
			);
			runOnlyForDeploymentPostprocessing = 0;
			shellPath = /bin/sh;
			shellScript = "\"${SRCROOT}/Pods/Target Support Files/Pods-TopShelf/Pods-TopShelf-resources.sh\"\n";
			showEnvVarsInLog = 0;
		};
		B113A76872C8F98DEF264039 /* [CP] Embed Pods Frameworks */ = {
			isa = PBXShellScriptBuildPhase;
			buildActionMask = 2147483647;
			files = (
			);
			inputPaths = (
			);
			name = "[CP] Embed Pods Frameworks";
			outputPaths = (
			);
			runOnlyForDeploymentPostprocessing = 0;
			shellPath = /bin/sh;
			shellScript = "\"${SRCROOT}/Pods/Target Support Files/Pods-PopcornTime/Pods-PopcornTime-frameworks.sh\"\n";
			showEnvVarsInLog = 0;
		};
		C7CA1C1E09B24733AAA8DA16 /* [CP] Check Pods Manifest.lock */ = {
			isa = PBXShellScriptBuildPhase;
			buildActionMask = 2147483647;
			files = (
			);
			inputPaths = (
			);
			name = "[CP] Check Pods Manifest.lock";
			outputPaths = (
			);
			runOnlyForDeploymentPostprocessing = 0;
			shellPath = /bin/sh;
			shellScript = "diff \"${PODS_ROOT}/../Podfile.lock\" \"${PODS_ROOT}/Manifest.lock\" > /dev/null\nif [ $? != 0 ] ; then\n    # print error to STDERR\n    echo \"error: The sandbox is not in sync with the Podfile.lock. Run 'pod install' or update your CocoaPods installation.\" >&2\n    exit 1\nfi\n";
			showEnvVarsInLog = 0;
		};
		DDD65985D085B39F00A9C08E /* [CP] Copy Pods Resources */ = {
			isa = PBXShellScriptBuildPhase;
			buildActionMask = 2147483647;
			files = (
			);
			inputPaths = (
			);
			name = "[CP] Copy Pods Resources";
			outputPaths = (
			);
			runOnlyForDeploymentPostprocessing = 0;
			shellPath = /bin/sh;
			shellScript = "\"${SRCROOT}/Pods/Target Support Files/Pods-PopcornTime/Pods-PopcornTime-resources.sh\"\n";
			showEnvVarsInLog = 0;
		};
/* End PBXShellScriptBuildPhase section */

/* Begin PBXSourcesBuildPhase section */
		287B85301C9873A200EEF5C8 /* Sources */ = {
			isa = PBXSourcesBuildPhase;
			buildActionMask = 2147483647;
			files = (
				4D990E471DC4F0F1005CDE34 /* AppDelegate.swift in Sources */,
				4DCCBA5B1DC50D780046C755 /* UIColor+Extension.swift in Sources */,
				4D990E201DC4EFA2005CDE34 /* PCTPlayerViewController+tvOS.swift in Sources */,
				4D990E3A1DC4F069005CDE34 /* PCTPlayerViewController.swift in Sources */,
				28EB626C1CA3364300985F78 /* String+Cleaned.swift in Sources */,
				4D990E4D1DC4F102005CDE34 /* SubtitlesViewController.swift in Sources */,
				4D990E2D1DC4F00F005CDE34 /* SubtitleSettings.swift in Sources */,
				4D990E641DC4F138005CDE34 /* SeasonPickerRecipe.swift in Sources */,
				4D990EA71DC4F303005CDE34 /* CatalogRecipe.swift in Sources */,
				4D990E831DC4F1BC005CDE34 /* Search.swift in Sources */,
				4D990E801DC4F1BC005CDE34 /* Trending.swift in Sources */,
				4D990E811DC4F1BC005CDE34 /* Genre.swift in Sources */,
				D9C3D2211D4196340054BD9A /* VLCBufferingBar.m in Sources */,
				4D990E4E1DC4F102005CDE34 /* AudioViewController.swift in Sources */,
				4D990EA01DC4F2F5005CDE34 /* WatchlistRecipe.swift in Sources */,
				4D0183A91DC3ACB500AB75B3 /* Locale+Langs.swift in Sources */,
				4D990EAB1DC4F311005CDE34 /* WelcomeRecipe.swift in Sources */,
				4D69B75F1DC550F500A88A37 /* Watchlist.swift in Sources */,
				D9C3D2251D4196340054BD9A /* VLCTransportBar.m in Sources */,
				4D990EAE1DC4F31D005CDE34 /* SearchRecipe.swift in Sources */,
				4D990E621DC4F137005CDE34 /* MovieProductRecipe.swift in Sources */,
				4D990E7E1DC4F1BC005CDE34 /* Popular.swift in Sources */,
				4D990E5F1DC4F137005CDE34 /* SeasonProductRecipe.swift in Sources */,
				4D990E821DC4F1BC005CDE34 /* Latest.swift in Sources */,
				4D990E981DC4F2DA005CDE34 /* GenreRecipe.swift in Sources */,
				4D990E4F1DC4F102005CDE34 /* InfoViewController.swift in Sources */,
				4D990E421DC4F0BD005CDE34 /* OptionsViewControllerPresentationDelegate.swift in Sources */,
				4D990E401DC4F09C005CDE34 /* SettingsViewController.swift in Sources */,
				4D990E241DC4EFA2005CDE34 /* Show+Lockup.swift in Sources */,
				4D990E4C1DC4F102005CDE34 /* OptionsViewController.swift in Sources */,
				4D990E231DC4EFA2005CDE34 /* Media+Extension.swift in Sources */,
				4D990E221DC4EFA2005CDE34 /* Movie+Lockup.swift in Sources */,
				4D990E911DC4F2CD005CDE34 /* DescriptionRecipe.swift in Sources */,
				4D990E461DC4F0F1005CDE34 /* ActionHandler.swift in Sources */,
				4D990E211DC4EFA2005CDE34 /* UIViewController+TVJS.swift in Sources */,
				4D990E3C1DC4F069005CDE34 /* LoadingViewController.swift in Sources */,
			);
			runOnlyForDeploymentPostprocessing = 0;
		};
		4D2543A91DACFBFE00149533 /* Sources */ = {
			isa = PBXSourcesBuildPhase;
			buildActionMask = 2147483647;
			files = (
				4D2543B11DACFBFE00149533 /* ServiceProvider.swift in Sources */,
				4D2543B91DACFCF700149533 /* String+Cleaned.swift in Sources */,
			);
			runOnlyForDeploymentPostprocessing = 0;
		};
/* End PBXSourcesBuildPhase section */

/* Begin PBXTargetDependency section */
		4D2543B41DACFBFE00149533 /* PBXTargetDependency */ = {
			isa = PBXTargetDependency;
			target = 4D2543AC1DACFBFE00149533 /* TopShelf */;
			targetProxy = 4D2543B31DACFBFE00149533 /* PBXContainerItemProxy */;
		};
/* End PBXTargetDependency section */

/* Begin XCBuildConfiguration section */
		287B85411C9873A200EEF5C8 /* Debug */ = {
			isa = XCBuildConfiguration;
			buildSettings = {
				ALWAYS_SEARCH_USER_PATHS = NO;
				CLANG_CXX_LANGUAGE_STANDARD = "gnu++0x";
				CLANG_CXX_LIBRARY = "libc++";
				CLANG_ENABLE_MODULES = YES;
				CLANG_ENABLE_OBJC_ARC = YES;
				CLANG_WARN_BOOL_CONVERSION = YES;
				CLANG_WARN_CONSTANT_CONVERSION = YES;
				CLANG_WARN_DIRECT_OBJC_ISA_USAGE = YES_ERROR;
				CLANG_WARN_EMPTY_BODY = YES;
				CLANG_WARN_ENUM_CONVERSION = YES;
				CLANG_WARN_INFINITE_RECURSION = YES;
				CLANG_WARN_INT_CONVERSION = YES;
				CLANG_WARN_OBJC_ROOT_CLASS = YES_ERROR;
				CLANG_WARN_SUSPICIOUS_MOVE = YES;
				CLANG_WARN_UNREACHABLE_CODE = YES;
				CLANG_WARN__DUPLICATE_METHOD_MATCH = YES;
				COPY_PHASE_STRIP = NO;
				DEBUG_INFORMATION_FORMAT = dwarf;
				ENABLE_STRICT_OBJC_MSGSEND = YES;
				ENABLE_TESTABILITY = YES;
				GCC_C_LANGUAGE_STANDARD = gnu99;
				GCC_DYNAMIC_NO_PIC = NO;
				GCC_NO_COMMON_BLOCKS = YES;
				GCC_OPTIMIZATION_LEVEL = 0;
				GCC_WARN_64_TO_32_BIT_CONVERSION = YES;
				GCC_WARN_ABOUT_RETURN_TYPE = YES_ERROR;
				GCC_WARN_UNDECLARED_SELECTOR = YES;
				GCC_WARN_UNINITIALIZED_AUTOS = YES_AGGRESSIVE;
				GCC_WARN_UNUSED_FUNCTION = YES;
				GCC_WARN_UNUSED_VARIABLE = YES;
				MTL_ENABLE_DEBUG_INFO = YES;
				ONLY_ACTIVE_ARCH = YES;
				SDKROOT = appletvos;
				SWIFT_OPTIMIZATION_LEVEL = "-Onone";
				TARGETED_DEVICE_FAMILY = 3;
				TVOS_DEPLOYMENT_TARGET = 9.1;
			};
			name = Debug;
		};
		287B85421C9873A200EEF5C8 /* Release */ = {
			isa = XCBuildConfiguration;
			buildSettings = {
				ALWAYS_SEARCH_USER_PATHS = NO;
				CLANG_CXX_LANGUAGE_STANDARD = "gnu++0x";
				CLANG_CXX_LIBRARY = "libc++";
				CLANG_ENABLE_MODULES = YES;
				CLANG_ENABLE_OBJC_ARC = YES;
				CLANG_WARN_BOOL_CONVERSION = YES;
				CLANG_WARN_CONSTANT_CONVERSION = YES;
				CLANG_WARN_DIRECT_OBJC_ISA_USAGE = YES_ERROR;
				CLANG_WARN_EMPTY_BODY = YES;
				CLANG_WARN_ENUM_CONVERSION = YES;
				CLANG_WARN_INFINITE_RECURSION = YES;
				CLANG_WARN_INT_CONVERSION = YES;
				CLANG_WARN_OBJC_ROOT_CLASS = YES_ERROR;
				CLANG_WARN_SUSPICIOUS_MOVE = YES;
				CLANG_WARN_UNREACHABLE_CODE = YES;
				CLANG_WARN__DUPLICATE_METHOD_MATCH = YES;
				COPY_PHASE_STRIP = NO;
				DEBUG_INFORMATION_FORMAT = "dwarf-with-dsym";
				ENABLE_NS_ASSERTIONS = NO;
				ENABLE_STRICT_OBJC_MSGSEND = YES;
				GCC_C_LANGUAGE_STANDARD = gnu99;
				GCC_NO_COMMON_BLOCKS = YES;
				GCC_WARN_64_TO_32_BIT_CONVERSION = YES;
				GCC_WARN_ABOUT_RETURN_TYPE = YES_ERROR;
				GCC_WARN_UNDECLARED_SELECTOR = YES;
				GCC_WARN_UNINITIALIZED_AUTOS = YES_AGGRESSIVE;
				GCC_WARN_UNUSED_FUNCTION = YES;
				GCC_WARN_UNUSED_VARIABLE = YES;
				MTL_ENABLE_DEBUG_INFO = NO;
				SDKROOT = appletvos;
				SWIFT_OPTIMIZATION_LEVEL = "-Owholemodule";
				TARGETED_DEVICE_FAMILY = 3;
				TVOS_DEPLOYMENT_TARGET = 9.1;
				VALIDATE_PRODUCT = YES;
			};
			name = Release;
		};
		287B85441C9873A200EEF5C8 /* Debug */ = {
			isa = XCBuildConfiguration;
			baseConfigurationReference = 59BE8A67A9D4954F63D16C0E /* Pods-PopcornTime.debug.xcconfig */;
			buildSettings = {
				ASSETCATALOG_COMPILER_APPICON_NAME = "App Icon & Top Shelf Image";
				ASSETCATALOG_COMPILER_LAUNCHIMAGE_NAME = LaunchImage;
				CLANG_ENABLE_MODULES = YES;
				CODE_SIGN_ENTITLEMENTS = PopcornTime/PopcornTime.entitlements;
				DEBUG_INFORMATION_FORMAT = "dwarf-with-dsym";
				DEFINES_MODULE = NO;
				DEVELOPMENT_TEAM = BQBJ6NTPEG;
				FRAMEWORK_SEARCH_PATHS = (
					"$(inherited)",
					"$(PROJECT_DIR)",
					"$(PROJECT_DIR)/tvOS/appletvsimulator",
					"$(PROJECT_DIR)/tvOS/appletvos",
				);
				INFOPLIST_FILE = "${SRCROOT}/PopcornTime/Info.plist";
				LD_RUNPATH_SEARCH_PATHS = "$(inherited) @executable_path/Frameworks";
				LIBRARY_SEARCH_PATHS = (
					"$(inherited)",
					"$(PROJECT_DIR)/PopcornTime/Objective-C/TOSMBClient/libdsm",
				);
				PRODUCT_BUNDLE_IDENTIFIER = com.popcorntimetv.popcorntime.tvos;
				PRODUCT_NAME = "$(TARGET_NAME)";
				SWIFT_OBJC_BRIDGING_HEADER = "${SRCROOT}/PopcornTime/Resources/PopcornTime-Bridging-Header.h";
				SWIFT_OPTIMIZATION_LEVEL = "-Onone";
				SWIFT_VERSION = 3.0;
				TVOS_DEPLOYMENT_TARGET = 9.0;
			};
			name = Debug;
		};
		287B85451C9873A200EEF5C8 /* Release */ = {
			isa = XCBuildConfiguration;
			baseConfigurationReference = 796C61914EF57FAF09B30DFE /* Pods-PopcornTime.release.xcconfig */;
			buildSettings = {
				ASSETCATALOG_COMPILER_APPICON_NAME = "App Icon & Top Shelf Image";
				ASSETCATALOG_COMPILER_LAUNCHIMAGE_NAME = LaunchImage;
				CLANG_ENABLE_MODULES = YES;
				CODE_SIGN_ENTITLEMENTS = PopcornTime/PopcornTime.entitlements;
				DEFINES_MODULE = NO;
				DEVELOPMENT_TEAM = BQBJ6NTPEG;
				FRAMEWORK_SEARCH_PATHS = (
					"$(inherited)",
					"$(PROJECT_DIR)",
					"$(PROJECT_DIR)/tvOS/appletvsimulator",
					"$(PROJECT_DIR)/tvOS/appletvos",
				);
				INFOPLIST_FILE = "${SRCROOT}/PopcornTime/Info.plist";
				LD_RUNPATH_SEARCH_PATHS = "$(inherited) @executable_path/Frameworks";
				LIBRARY_SEARCH_PATHS = (
					"$(inherited)",
					"$(PROJECT_DIR)/PopcornTime/Objective-C/TOSMBClient/libdsm",
				);
				PRODUCT_BUNDLE_IDENTIFIER = com.popcorntimetv.popcorntime.tvos;
				PRODUCT_NAME = "$(TARGET_NAME)";
				SWIFT_OBJC_BRIDGING_HEADER = "${SRCROOT}/PopcornTime/Resources/PopcornTime-Bridging-Header.h";
				SWIFT_VERSION = 3.0;
				TVOS_DEPLOYMENT_TARGET = 9.0;
			};
			name = Release;
		};
		4D2543B71DACFBFE00149533 /* Debug */ = {
			isa = XCBuildConfiguration;
			baseConfigurationReference = 3E2A1684A64499B8ED0B31B3 /* Pods-TopShelf.debug.xcconfig */;
			buildSettings = {
				CLANG_ANALYZER_NONNULL = YES;
				CLANG_WARN_DOCUMENTATION_COMMENTS = YES;
				CLANG_WARN_SUSPICIOUS_MOVES = YES;
				DEVELOPMENT_TEAM = "";
				GCC_PREPROCESSOR_DEFINITIONS = (
					"DEBUG=1",
					"$(inherited)",
				);
				INFOPLIST_FILE = TopShelf/Info.plist;
				LD_RUNPATH_SEARCH_PATHS = "$(inherited) @executable_path/Frameworks @executable_path/../../Frameworks";
				PRODUCT_BUNDLE_IDENTIFIER = com.popcorntimetv.popcorntime.tvos.TopShelf;
				PRODUCT_NAME = "$(TARGET_NAME)";
				SKIP_INSTALL = YES;
				SWIFT_ACTIVE_COMPILATION_CONDITIONS = DEBUG;
				SWIFT_VERSION = 3.0;
				TVOS_DEPLOYMENT_TARGET = 10.0;
			};
			name = Debug;
		};
		4D2543B81DACFBFE00149533 /* Release */ = {
			isa = XCBuildConfiguration;
			baseConfigurationReference = 249A54E2A9C7529A3CC82622 /* Pods-TopShelf.release.xcconfig */;
			buildSettings = {
				CLANG_ANALYZER_NONNULL = YES;
				CLANG_WARN_DOCUMENTATION_COMMENTS = YES;
				CLANG_WARN_SUSPICIOUS_MOVES = YES;
				DEVELOPMENT_TEAM = "";
				INFOPLIST_FILE = TopShelf/Info.plist;
				LD_RUNPATH_SEARCH_PATHS = "$(inherited) @executable_path/Frameworks @executable_path/../../Frameworks";
				PRODUCT_BUNDLE_IDENTIFIER = com.popcorntimetv.popcorntime.tvos.TopShelf;
				PRODUCT_NAME = "$(TARGET_NAME)";
				SKIP_INSTALL = YES;
				SWIFT_VERSION = 3.0;
				TVOS_DEPLOYMENT_TARGET = 10.0;
			};
			name = Release;
		};
/* End XCBuildConfiguration section */

/* Begin XCConfigurationList section */
		287B852F1C9873A200EEF5C8 /* Build configuration list for PBXProject "PopcornTime" */ = {
			isa = XCConfigurationList;
			buildConfigurations = (
				287B85411C9873A200EEF5C8 /* Debug */,
				287B85421C9873A200EEF5C8 /* Release */,
			);
			defaultConfigurationIsVisible = 0;
			defaultConfigurationName = Release;
		};
		287B85431C9873A200EEF5C8 /* Build configuration list for PBXNativeTarget "PopcornTime" */ = {
			isa = XCConfigurationList;
			buildConfigurations = (
				287B85441C9873A200EEF5C8 /* Debug */,
				287B85451C9873A200EEF5C8 /* Release */,
			);
			defaultConfigurationIsVisible = 0;
			defaultConfigurationName = Release;
		};
		4D2543B61DACFBFE00149533 /* Build configuration list for PBXNativeTarget "TopShelf" */ = {
			isa = XCConfigurationList;
			buildConfigurations = (
				4D2543B71DACFBFE00149533 /* Debug */,
				4D2543B81DACFBFE00149533 /* Release */,
			);
			defaultConfigurationIsVisible = 0;
			defaultConfigurationName = Release;
		};
/* End XCConfigurationList section */
	};
	rootObject = 287B852C1C9873A200EEF5C8 /* Project object */;
}
